
Microsoft Visual Studio Solution File, Format Version 12.00
# Visual Studio 15
VisualStudioVersion = 15.0.28307.1684
MinimumVisualStudioVersion = 10.0.40219.1
Project("{8BC9CEB8-8B4A-11D0-8D11-00A0C91BC942}") = "P18", "P18\P18.vcxproj", "{926C6247-3974-47FA-8A00-0D394CDC2441}"
EndProject
Global
	GlobalSection(SolutionConfigurationPlatforms) = preSolution
		Debug|x64 = Debug|x64
		Debug|x86 = Debug|x86
		Release|x64 = Release|x64
		Release|x86 = Release|x86
	EndGlobalSection
	GlobalSection(ProjectConfigurationPlatforms) = postSolution
		{926C6247-3974-47FA-8A00-0D394CDC2441}.Debug|x64.ActiveCfg = Debug|x64
		{926C6247-3974-47FA-8A00-0D394CDC2441}.Debug|x64.Build.0 = Debug|x64
		{926C6247-3974-47FA-8A00-0D394CDC2441}.Debug|x86.ActiveCfg = Debug|Win32
		{926C6247-3974-47FA-8A00-0D394CDC2441}.Debug|x86.Build.0 = Debug|Win32
		{926C6247-3974-47FA-8A00-0D394CDC2441}.Release|x64.ActiveCfg = Release|x64
		{926C6247-3974-47FA-8A00-0D394CDC2441}.Release|x64.Build.0 = Release|x64
		{926C6247-3974-47FA-8A00-0D394CDC2441}.Release|x86.ActiveCfg = Release|Win32
		{926C6247-3974-47FA-8A00-0D394CDC2441}.Release|x86.Build.0 = Release|Win32
	EndGlobalSection
	GlobalSection(SolutionProperties) = preSolution
		HideSolutionNode = FALSE
	EndGlobalSection
	GlobalSection(ExtensibilityGlobals) = postSolution
		SolutionGuid = {F4D9F91E-61AF-4E5B-93CE-293F01532441}
	EndGlobalSection
EndGlobal
