
Microsoft Visual Studio Solution File, Format Version 12.00
# Visual Studio 15
VisualStudioVersion = 15.0.28307.1684
MinimumVisualStudioVersion = 10.0.40219.1
Project("{8BC9CEB8-8B4A-11D0-8D11-00A0C91BC942}") = "P14", "P14\P14.vcxproj", "{BDD43F26-EB0F-4748-8A0F-644C9582BB34}"
EndProject
Global
	GlobalSection(SolutionConfigurationPlatforms) = preSolution
		Debug|x64 = Debug|x64
		Debug|x86 = Debug|x86
		Release|x64 = Release|x64
		Release|x86 = Release|x86
	EndGlobalSection
	GlobalSection(ProjectConfigurationPlatforms) = postSolution
		{BDD43F26-EB0F-4748-8A0F-644C9582BB34}.Debug|x64.ActiveCfg = Debug|x64
		{BDD43F26-EB0F-4748-8A0F-644C9582BB34}.Debug|x64.Build.0 = Debug|x64
		{BDD43F26-EB0F-4748-8A0F-644C9582BB34}.Debug|x86.ActiveCfg = Debug|Win32
		{BDD43F26-EB0F-4748-8A0F-644C9582BB34}.Debug|x86.Build.0 = Debug|Win32
		{BDD43F26-EB0F-4748-8A0F-644C9582BB34}.Release|x64.ActiveCfg = Release|x64
		{BDD43F26-EB0F-4748-8A0F-644C9582BB34}.Release|x64.Build.0 = Release|x64
		{BDD43F26-EB0F-4748-8A0F-644C9582BB34}.Release|x86.ActiveCfg = Release|Win32
		{BDD43F26-EB0F-4748-8A0F-644C9582BB34}.Release|x86.Build.0 = Release|Win32
	EndGlobalSection
	GlobalSection(SolutionProperties) = preSolution
		HideSolutionNode = FALSE
	EndGlobalSection
	GlobalSection(ExtensibilityGlobals) = postSolution
		SolutionGuid = {80E6B40B-AACA-4D97-AB9C-BAD825253945}
	EndGlobalSection
EndGlobal
